
Microsoft Visual Studio Solution File, Format Version 12.00
# Visual Studio 15
VisualStudioVersion = 15.0.28307.136
MinimumVisualStudioVersion = 10.0.40219.1
Project("{FAE04EC0-301F-11D3-BF4B-00C04F79EFBC}") = "Tupy", "Tupy\Tupy.csproj", "{2A023CC4-6B5C-45D6-8CDF-6CE8AEF3AF9D}"
EndProject
Project("{FAE04EC0-301F-11D3-BF4B-00C04F79EFBC}") = "Tupy.Extensions", "Tupy.Extensions\Tupy.Extensions.csproj", "{05AFF965-3198-4447-AB62-DD244648F42B}"
EndProject
Project("{FAE04EC0-301F-11D3-BF4B-00C04F79EFBC}") = "Tupy.Jobs", "Tupy.Jobs\Tupy.Jobs.csproj", "{60704FF6-A19A-489A-A4FB-49E522AFB808}"
EndProject
Project("{FAE04EC0-301F-11D3-BF4B-00C04F79EFBC}") = "Tupy.Logger", "Tupy.Logger\Tupy.Logger.csproj", "{1E89602A-B09B-4051-8A44-A8C8DD927D6E}"
EndProject
Project("{FAE04EC0-301F-11D3-BF4B-00C04F79EFBC}") = "Tupy.Logger.Providers.LiteDB", "Tupy.Logger.Providers.LiteDB\Tupy.Logger.Providers.LiteDB.csproj", "{37E2BAA9-2363-44A9-823D-7F2654FD712F}"
EndProject
Project("{2150E333-8FDC-42A3-9474-1A3956D46DE8}") = "Solution Items", "Solution Items", "{6706F70E-003D-45D8-880B-03DAF3404395}"
	ProjectSection(SolutionItems) = preProject
		Tupy.Extensions\Tupy.Extensions.nuspec = Tupy.Extensions\Tupy.Extensions.nuspec
		Tupy\Tupy.nuspec = Tupy\Tupy.nuspec
	EndProjectSection
EndProject
Global
	GlobalSection(SolutionConfigurationPlatforms) = preSolution
		Debug|Any CPU = Debug|Any CPU
		Release|Any CPU = Release|Any CPU
	EndGlobalSection
	GlobalSection(ProjectConfigurationPlatforms) = postSolution
		{2A023CC4-6B5C-45D6-8CDF-6CE8AEF3AF9D}.Debug|Any CPU.ActiveCfg = Debug|Any CPU
		{2A023CC4-6B5C-45D6-8CDF-6CE8AEF3AF9D}.Debug|Any CPU.Build.0 = Debug|Any CPU
		{2A023CC4-6B5C-45D6-8CDF-6CE8AEF3AF9D}.Release|Any CPU.ActiveCfg = Release|Any CPU
		{2A023CC4-6B5C-45D6-8CDF-6CE8AEF3AF9D}.Release|Any CPU.Build.0 = Release|Any CPU
		{05AFF965-3198-4447-AB62-DD244648F42B}.Debug|Any CPU.ActiveCfg = Debug|Any CPU
		{05AFF965-3198-4447-AB62-DD244648F42B}.Debug|Any CPU.Build.0 = Debug|Any CPU
		{05AFF965-3198-4447-AB62-DD244648F42B}.Release|Any CPU.ActiveCfg = Release|Any CPU
		{05AFF965-3198-4447-AB62-DD244648F42B}.Release|Any CPU.Build.0 = Release|Any CPU
		{60704FF6-A19A-489A-A4FB-49E522AFB808}.Debug|Any CPU.ActiveCfg = Debug|Any CPU
		{60704FF6-A19A-489A-A4FB-49E522AFB808}.Debug|Any CPU.Build.0 = Debug|Any CPU
		{60704FF6-A19A-489A-A4FB-49E522AFB808}.Release|Any CPU.ActiveCfg = Release|Any CPU
		{60704FF6-A19A-489A-A4FB-49E522AFB808}.Release|Any CPU.Build.0 = Release|Any CPU
		{1E89602A-B09B-4051-8A44-A8C8DD927D6E}.Debug|Any CPU.ActiveCfg = Debug|Any CPU
		{1E89602A-B09B-4051-8A44-A8C8DD927D6E}.Debug|Any CPU.Build.0 = Debug|Any CPU
		{1E89602A-B09B-4051-8A44-A8C8DD927D6E}.Release|Any CPU.ActiveCfg = Release|Any CPU
		{1E89602A-B09B-4051-8A44-A8C8DD927D6E}.Release|Any CPU.Build.0 = Release|Any CPU
		{37E2BAA9-2363-44A9-823D-7F2654FD712F}.Debug|Any CPU.ActiveCfg = Debug|Any CPU
		{37E2BAA9-2363-44A9-823D-7F2654FD712F}.Debug|Any CPU.Build.0 = Debug|Any CPU
		{37E2BAA9-2363-44A9-823D-7F2654FD712F}.Release|Any CPU.ActiveCfg = Release|Any CPU
		{37E2BAA9-2363-44A9-823D-7F2654FD712F}.Release|Any CPU.Build.0 = Release|Any CPU
	EndGlobalSection
	GlobalSection(SolutionProperties) = preSolution
		HideSolutionNode = FALSE
	EndGlobalSection
	GlobalSection(ExtensibilityGlobals) = postSolution
		SolutionGuid = {6CE3EF7F-8804-47B9-BC65-EC2AA3CC197F}
	EndGlobalSection
EndGlobal
